
Microsoft Visual Studio Solution File, Format Version 12.00
# Visual Studio Version 17
VisualStudioVersion = 17.14.36603.0
MinimumVisualStudioVersion = 10.0.40219.1
Project("{2150E333-8FDC-42A3-9474-1A3956D46DE8}") = "01 UI", "01 UI", "{02EA681E-C7D8-13C7-8484-4AC65E1B71E8}"
EndProject
Project("{2150E333-8FDC-42A3-9474-1A3956D46DE8}") = "02 BLL", "02 BLL", "{09A45070-10C6-4632-A3E6-19F98BC7844B}"
EndProject
Project("{2150E333-8FDC-42A3-9474-1A3956D46DE8}") = "03 DALC", "03 DALC", "{B4E0D2B7-B675-47FF-83E1-8D591ADB042D}"
EndProject
Project("{2150E333-8FDC-42A3-9474-1A3956D46DE8}") = "04 Contracts", "04 Contracts", "{90776C9E-ABA2-4D88-9A9A-8B972CFE2E2E}"
EndProject
Project("{FAE04EC0-301F-11D3-BF4B-00C04F79EFBC}") = "aadrovez.BLL", "aadrovez.BLL\aadrovez.BLL.csproj", "{0FC62BBA-104B-40DD-82D2-CCEB25BB9A42}"
EndProject
Project("{FAE04EC0-301F-11D3-BF4B-00C04F79EFBC}") = "aadrovez.DALC", "aadrovez.DALC\aadrovez.DALC.csproj", "{66CD0558-75EE-4CAF-A8F9-57D882767169}"
EndProject
Project("{FAE04EC0-301F-11D3-BF4B-00C04F79EFBC}") = "aadrovez.Contracts", "aadrovez.Contracts\aadrovez.Contracts.csproj", "{045300B8-B967-4CBE-8094-1D65D4D576C0}"
EndProject
Project("{FAE04EC0-301F-11D3-BF4B-00C04F79EFBC}") = "aadrovez.UI.API", "aadrovez.UI.API\aadrovez.UI.API.csproj", "{E91E9C41-DBAC-4917-9543-3FA63324868B}"
EndProject
Project("{FAE04EC0-301F-11D3-BF4B-00C04F79EFBC}") = "aadrovez.UI.WCF", "aadrovez.UI.WCF\aadrovez.UI.WCF.csproj", "{CED027E1-8C13-4A48-949F-3A7A6E92C723}"
EndProject
Global
	GlobalSection(SolutionConfigurationPlatforms) = preSolution
		Debug|Any CPU = Debug|Any CPU
		Release|Any CPU = Release|Any CPU
	EndGlobalSection
	GlobalSection(ProjectConfigurationPlatforms) = postSolution
		{0FC62BBA-104B-40DD-82D2-CCEB25BB9A42}.Debug|Any CPU.ActiveCfg = Debug|Any CPU
		{0FC62BBA-104B-40DD-82D2-CCEB25BB9A42}.Debug|Any CPU.Build.0 = Debug|Any CPU
		{0FC62BBA-104B-40DD-82D2-CCEB25BB9A42}.Release|Any CPU.ActiveCfg = Release|Any CPU
		{0FC62BBA-104B-40DD-82D2-CCEB25BB9A42}.Release|Any CPU.Build.0 = Release|Any CPU
		{66CD0558-75EE-4CAF-A8F9-57D882767169}.Debug|Any CPU.ActiveCfg = Debug|Any CPU
		{66CD0558-75EE-4CAF-A8F9-57D882767169}.Debug|Any CPU.Build.0 = Debug|Any CPU
		{66CD0558-75EE-4CAF-A8F9-57D882767169}.Release|Any CPU.ActiveCfg = Release|Any CPU
		{66CD0558-75EE-4CAF-A8F9-57D882767169}.Release|Any CPU.Build.0 = Release|Any CPU
		{045300B8-B967-4CBE-8094-1D65D4D576C0}.Debug|Any CPU.ActiveCfg = Debug|Any CPU
		{045300B8-B967-4CBE-8094-1D65D4D576C0}.Debug|Any CPU.Build.0 = Debug|Any CPU
		{045300B8-B967-4CBE-8094-1D65D4D576C0}.Release|Any CPU.ActiveCfg = Release|Any CPU
		{045300B8-B967-4CBE-8094-1D65D4D576C0}.Release|Any CPU.Build.0 = Release|Any CPU
		{E91E9C41-DBAC-4917-9543-3FA63324868B}.Debug|Any CPU.ActiveCfg = Debug|Any CPU
		{E91E9C41-DBAC-4917-9543-3FA63324868B}.Debug|Any CPU.Build.0 = Debug|Any CPU
		{E91E9C41-DBAC-4917-9543-3FA63324868B}.Release|Any CPU.ActiveCfg = Release|Any CPU
		{E91E9C41-DBAC-4917-9543-3FA63324868B}.Release|Any CPU.Build.0 = Release|Any CPU
		{CED027E1-8C13-4A48-949F-3A7A6E92C723}.Debug|Any CPU.ActiveCfg = Debug|Any CPU
		{CED027E1-8C13-4A48-949F-3A7A6E92C723}.Debug|Any CPU.Build.0 = Debug|Any CPU
		{CED027E1-8C13-4A48-949F-3A7A6E92C723}.Release|Any CPU.ActiveCfg = Release|Any CPU
		{CED027E1-8C13-4A48-949F-3A7A6E92C723}.Release|Any CPU.Build.0 = Release|Any CPU
	EndGlobalSection
	GlobalSection(SolutionProperties) = preSolution
		HideSolutionNode = FALSE
	EndGlobalSection
	GlobalSection(NestedProjects) = preSolution
		{0FC62BBA-104B-40DD-82D2-CCEB25BB9A42} = {09A45070-10C6-4632-A3E6-19F98BC7844B}
		{66CD0558-75EE-4CAF-A8F9-57D882767169} = {B4E0D2B7-B675-47FF-83E1-8D591ADB042D}
		{045300B8-B967-4CBE-8094-1D65D4D576C0} = {90776C9E-ABA2-4D88-9A9A-8B972CFE2E2E}
		{E91E9C41-DBAC-4917-9543-3FA63324868B} = {02EA681E-C7D8-13C7-8484-4AC65E1B71E8}
		{CED027E1-8C13-4A48-949F-3A7A6E92C723} = {02EA681E-C7D8-13C7-8484-4AC65E1B71E8}
	EndGlobalSection
	GlobalSection(ExtensibilityGlobals) = postSolution
		SolutionGuid = {A854075F-E86B-43D5-8CB2-A2DB70E09A16}
	EndGlobalSection
EndGlobal
