
Microsoft Visual Studio Solution File, Format Version 12.00
# Visual Studio Version 17
VisualStudioVersion = 17.14.36603.0 d17.14
MinimumVisualStudioVersion = 10.0.40219.1
Project("{2150E333-8FDC-42A3-9474-1A3956D46DE8}") = "01 UI", "01 UI", "{02EA681E-C7D8-13C7-8484-4AC65E1B71E8}"
EndProject
Project("{2150E333-8FDC-42A3-9474-1A3956D46DE8}") = "02 BLL", "02 BLL", "{923B279D-25F1-4E17-AAA4-3F65D6CB1F1C}"
EndProject
Project("{2150E333-8FDC-42A3-9474-1A3956D46DE8}") = "03 DALC", "03 DALC", "{BC1840CB-18B5-444E-AFA6-D97D9B1C44F3}"
EndProject
Project("{2150E333-8FDC-42A3-9474-1A3956D46DE8}") = "04 Entidades", "04 Entidades", "{16185549-E990-4ECF-A151-03E527CCC711}"
EndProject
Project("{FAE04EC0-301F-11D3-BF4B-00C04F79EFBC}") = "Honda.Entidades", "Honda.Entidades\Honda.Entidades.csproj", "{9D217A74-E703-4363-8FD0-A7DE1B74628B}"
EndProject
Project("{FAE04EC0-301F-11D3-BF4B-00C04F79EFBC}") = "Honda.DALC", "Honda.DALC\Honda.DALC.csproj", "{89CFF8EA-EF12-4149-A66D-8146C3030BFF}"
EndProject
Project("{FAE04EC0-301F-11D3-BF4B-00C04F79EFBC}") = "Honda.BLL", "Honda.BLL\Honda.BLL.csproj", "{33086CAF-7515-4060-AA66-3E995C924E18}"
EndProject
Project("{FAE04EC0-301F-11D3-BF4B-00C04F79EFBC}") = "Honda.WCF", "Honda.WCF\Honda.WCF.csproj", "{370627B3-554D-48F4-B7A1-9A771FA86FEC}"
EndProject
Project("{FAE04EC0-301F-11D3-BF4B-00C04F79EFBC}") = "Honda.API", "Honda.API\Honda.API.csproj", "{28ED43D1-B418-4EA0-83EC-44701756A66F}"
EndProject
Project("{FAE04EC0-301F-11D3-BF4B-00C04F79EFBC}") = "Honda.MVC", "Honda.MVC\Honda.MVC.csproj", "{8288CB3A-89A4-4282-9AE4-285088826D6D}"
	ProjectSection(ProjectDependencies) = postProject
		{370627B3-554D-48F4-B7A1-9A771FA86FEC} = {370627B3-554D-48F4-B7A1-9A771FA86FEC}
	EndProjectSection
EndProject
Global
	GlobalSection(SolutionConfigurationPlatforms) = preSolution
		Debug|Any CPU = Debug|Any CPU
		Release|Any CPU = Release|Any CPU
	EndGlobalSection
	GlobalSection(ProjectConfigurationPlatforms) = postSolution
		{9D217A74-E703-4363-8FD0-A7DE1B74628B}.Debug|Any CPU.ActiveCfg = Debug|Any CPU
		{9D217A74-E703-4363-8FD0-A7DE1B74628B}.Debug|Any CPU.Build.0 = Debug|Any CPU
		{9D217A74-E703-4363-8FD0-A7DE1B74628B}.Release|Any CPU.ActiveCfg = Release|Any CPU
		{9D217A74-E703-4363-8FD0-A7DE1B74628B}.Release|Any CPU.Build.0 = Release|Any CPU
		{89CFF8EA-EF12-4149-A66D-8146C3030BFF}.Debug|Any CPU.ActiveCfg = Debug|Any CPU
		{89CFF8EA-EF12-4149-A66D-8146C3030BFF}.Debug|Any CPU.Build.0 = Debug|Any CPU
		{89CFF8EA-EF12-4149-A66D-8146C3030BFF}.Release|Any CPU.ActiveCfg = Release|Any CPU
		{89CFF8EA-EF12-4149-A66D-8146C3030BFF}.Release|Any CPU.Build.0 = Release|Any CPU
		{33086CAF-7515-4060-AA66-3E995C924E18}.Debug|Any CPU.ActiveCfg = Debug|Any CPU
		{33086CAF-7515-4060-AA66-3E995C924E18}.Debug|Any CPU.Build.0 = Debug|Any CPU
		{33086CAF-7515-4060-AA66-3E995C924E18}.Release|Any CPU.ActiveCfg = Release|Any CPU
		{33086CAF-7515-4060-AA66-3E995C924E18}.Release|Any CPU.Build.0 = Release|Any CPU
		{370627B3-554D-48F4-B7A1-9A771FA86FEC}.Debug|Any CPU.ActiveCfg = Debug|Any CPU
		{370627B3-554D-48F4-B7A1-9A771FA86FEC}.Debug|Any CPU.Build.0 = Debug|Any CPU
		{370627B3-554D-48F4-B7A1-9A771FA86FEC}.Release|Any CPU.ActiveCfg = Release|Any CPU
		{370627B3-554D-48F4-B7A1-9A771FA86FEC}.Release|Any CPU.Build.0 = Release|Any CPU
		{28ED43D1-B418-4EA0-83EC-44701756A66F}.Debug|Any CPU.ActiveCfg = Debug|Any CPU
		{28ED43D1-B418-4EA0-83EC-44701756A66F}.Debug|Any CPU.Build.0 = Debug|Any CPU
		{28ED43D1-B418-4EA0-83EC-44701756A66F}.Release|Any CPU.ActiveCfg = Release|Any CPU
		{28ED43D1-B418-4EA0-83EC-44701756A66F}.Release|Any CPU.Build.0 = Release|Any CPU
		{8288CB3A-89A4-4282-9AE4-285088826D6D}.Debug|Any CPU.ActiveCfg = Debug|Any CPU
		{8288CB3A-89A4-4282-9AE4-285088826D6D}.Debug|Any CPU.Build.0 = Debug|Any CPU
		{8288CB3A-89A4-4282-9AE4-285088826D6D}.Release|Any CPU.ActiveCfg = Release|Any CPU
		{8288CB3A-89A4-4282-9AE4-285088826D6D}.Release|Any CPU.Build.0 = Release|Any CPU
	EndGlobalSection
	GlobalSection(SolutionProperties) = preSolution
		HideSolutionNode = FALSE
	EndGlobalSection
	GlobalSection(NestedProjects) = preSolution
		{9D217A74-E703-4363-8FD0-A7DE1B74628B} = {16185549-E990-4ECF-A151-03E527CCC711}
		{89CFF8EA-EF12-4149-A66D-8146C3030BFF} = {BC1840CB-18B5-444E-AFA6-D97D9B1C44F3}
		{33086CAF-7515-4060-AA66-3E995C924E18} = {923B279D-25F1-4E17-AAA4-3F65D6CB1F1C}
		{370627B3-554D-48F4-B7A1-9A771FA86FEC} = {02EA681E-C7D8-13C7-8484-4AC65E1B71E8}
		{28ED43D1-B418-4EA0-83EC-44701756A66F} = {02EA681E-C7D8-13C7-8484-4AC65E1B71E8}
		{8288CB3A-89A4-4282-9AE4-285088826D6D} = {02EA681E-C7D8-13C7-8484-4AC65E1B71E8}
	EndGlobalSection
	GlobalSection(ExtensibilityGlobals) = postSolution
		SolutionGuid = {4DE81258-94B3-4616-AD59-5D3E27DDE09A}
	EndGlobalSection
EndGlobal
